Microsoft Visual Studio Solution File, Format Version 11.00
# Visual Studio 2008

Project("{604FB5D3-2BDF-DEEC-9FEC-97C42FC09299}") = "FPSalpha1", "Assembly-CSharp.csproj", "{45C080DB-559E-0D1D-8015-0153DAE1F876}"
EndProject
Project("{604FB5D3-2BDF-DEEC-9FEC-97C42FC09299}") = "FPSalpha1", "Assembly-CSharp-Editor.csproj", "{F689EDE6-5099-0C84-C2A4-AF1DBAEA122D}"
EndProject
Global
	GlobalSection(SolutionConfigurationPlatforms) = preSolution
		Debug|Any CPU = Debug|Any CPU
		Release|Any CPU = Release|Any CPU
	EndGlobalSection
	GlobalSection(ProjectConfigurationPlatforms) = postSolution
		{45C080DB-559E-0D1D-8015-0153DAE1F876}.Debug|Any CPU.ActiveCfg = Debug|Any CPU
		{45C080DB-559E-0D1D-8015-0153DAE1F876}.Debug|Any CPU.Build.0 = Debug|Any CPU
		{45C080DB-559E-0D1D-8015-0153DAE1F876}.Release|Any CPU.ActiveCfg = Release|Any CPU
		{45C080DB-559E-0D1D-8015-0153DAE1F876}.Release|Any CPU.Build.0 = Release|Any CPU
		{F689EDE6-5099-0C84-C2A4-AF1DBAEA122D}.Debug|Any CPU.ActiveCfg = Debug|Any CPU
		{F689EDE6-5099-0C84-C2A4-AF1DBAEA122D}.Debug|Any CPU.Build.0 = Debug|Any CPU
		{F689EDE6-5099-0C84-C2A4-AF1DBAEA122D}.Release|Any CPU.ActiveCfg = Release|Any CPU
		{F689EDE6-5099-0C84-C2A4-AF1DBAEA122D}.Release|Any CPU.Build.0 = Release|Any CPU
	EndGlobalSection
	GlobalSection(SolutionProperties) = preSolution
		HideSolutionNode = FALSE
	EndGlobalSection
																										GlobalSection(MonoDevelopProperties) = preSolution
		StartupItem = Assembly-CSharp.csproj
		Policies = $0
		$0.TextStylePolicy = $1
		$1.inheritsSet = null
		$1.scope = text/x-csharp
		$0.CSharpFormattingPolicy = $2
		$2.inheritsSet = Mono
		$2.inheritsScope = text/x-csharp
		$2.scope = text/x-csharp
		$0.TextStylePolicy = $3
		$3.FileWidth = 120
		$3.TabWidth = 4
		$3.EolMarker = Unix
		$3.inheritsSet = Mono
		$3.inheritsScope = text/plain
		$3.scope = text/plain
	EndGlobalSection

EndGlobal
